
Microsoft Visual Studio Solution File, Format Version 12.00
# Visual Studio 15
VisualStudioVersion = 15.0.28307.572
MinimumVisualStudioVersion = 10.0.40219.1
Project("{FAE04EC0-301F-11D3-BF4B-00C04F79EFBC}") = "StroopTest", "StroopTest\StroopTest.csproj", "{5294A4D7-70F1-4961-BCCD-6E115E382CB7}"
EndProject
Global
	GlobalSection(SolutionConfigurationPlatforms) = preSolution
		Debug|Any CPU = Debug|Any CPU
		Release|Any CPU = Release|Any CPU
	EndGlobalSection
	GlobalSection(ProjectConfigurationPlatforms) = postSolution
		{5294A4D7-70F1-4961-BCCD-6E115E382CB7}.Debug|Any CPU.ActiveCfg = Debug|Any CPU
		{5294A4D7-70F1-4961-BCCD-6E115E382CB7}.Debug|Any CPU.Build.0 = Debug|Any CPU
		{5294A4D7-70F1-4961-BCCD-6E115E382CB7}.Release|Any CPU.ActiveCfg = Release|Any CPU
		{5294A4D7-70F1-4961-BCCD-6E115E382CB7}.Release|Any CPU.Build.0 = Release|Any CPU
	EndGlobalSection
	GlobalSection(SolutionProperties) = preSolution
		HideSolutionNode = FALSE
	EndGlobalSection
	GlobalSection(ExtensibilityGlobals) = postSolution
		SolutionGuid = {82B360D5-D019-470B-8B30-F6C3F2BA07DC}
	EndGlobalSection
EndGlobal
